
Microsoft Visual Studio Solution File, Format Version 12.00
# Visual Studio Version 17
VisualStudioVersion = 17.10.35004.147
MinimumVisualStudioVersion = 10.0.40219.1
Project("{FAE04EC0-301F-11D3-BF4B-00C04F79EFBC}") = "Task", "Day02G01\Task.csproj", "{5C3BECB2-FFF0-463F-8890-C52B0702C67A}"
EndProject
Project("{FAE04EC0-301F-11D3-BF4B-00C04F79EFBC}") = "Demo", "Demo\Demo.csproj", "{7634D444-8843-49D6-90BB-C64640BC8595}"
EndProject
Project("{FAE04EC0-301F-11D3-BF4B-00C04F79EFBC}") = "Assighnmet", "Assighnmet\Assighnmet.csproj", "{2AE0946C-23EC-463E-8905-F510A9F6A30B}"
EndProject
Global
	GlobalSection(SolutionConfigurationPlatforms) = preSolution
		Debug|Any CPU = Debug|Any CPU
		Release|Any CPU = Release|Any CPU
	EndGlobalSection
	GlobalSection(ProjectConfigurationPlatforms) = postSolution
		{5C3BECB2-FFF0-463F-8890-C52B0702C67A}.Debug|Any CPU.ActiveCfg = Debug|Any CPU
		{5C3BECB2-FFF0-463F-8890-C52B0702C67A}.Debug|Any CPU.Build.0 = Debug|Any CPU
		{5C3BECB2-FFF0-463F-8890-C52B0702C67A}.Release|Any CPU.ActiveCfg = Release|Any CPU
		{5C3BECB2-FFF0-463F-8890-C52B0702C67A}.Release|Any CPU.Build.0 = Release|Any CPU
		{7634D444-8843-49D6-90BB-C64640BC8595}.Debug|Any CPU.ActiveCfg = Debug|Any CPU
		{7634D444-8843-49D6-90BB-C64640BC8595}.Debug|Any CPU.Build.0 = Debug|Any CPU
		{7634D444-8843-49D6-90BB-C64640BC8595}.Release|Any CPU.ActiveCfg = Release|Any CPU
		{7634D444-8843-49D6-90BB-C64640BC8595}.Release|Any CPU.Build.0 = Release|Any CPU
		{2AE0946C-23EC-463E-8905-F510A9F6A30B}.Debug|Any CPU.ActiveCfg = Debug|Any CPU
		{2AE0946C-23EC-463E-8905-F510A9F6A30B}.Debug|Any CPU.Build.0 = Debug|Any CPU
		{2AE0946C-23EC-463E-8905-F510A9F6A30B}.Release|Any CPU.ActiveCfg = Release|Any CPU
		{2AE0946C-23EC-463E-8905-F510A9F6A30B}.Release|Any CPU.Build.0 = Release|Any CPU
	EndGlobalSection
	GlobalSection(SolutionProperties) = preSolution
		HideSolutionNode = FALSE
	EndGlobalSection
	GlobalSection(ExtensibilityGlobals) = postSolution
		SolutionGuid = {B31781DE-57E8-4660-9250-5630015EE696}
	EndGlobalSection
EndGlobal
